
Microsoft Visual Studio Solution File, Format Version 12.00
# Visual Studio Version 17
VisualStudioVersion = 17.13.35828.75 d17.13
MinimumVisualStudioVersion = 10.0.40219.1
Project("{FAE04EC0-301F-11D3-BF4B-00C04F79EFBC}") = "Laboratorio1_C23785", "Laboratorio1_C23785.csproj", "{BC0C342E-F04D-B484-B549-C381CAC09A34}"
EndProject
Global
	GlobalSection(SolutionConfigurationPlatforms) = preSolution
		Debug|Any CPU = Debug|Any CPU
		Release|Any CPU = Release|Any CPU
	EndGlobalSection
	GlobalSection(ProjectConfigurationPlatforms) = postSolution
		{BC0C342E-F04D-B484-B549-C381CAC09A34}.Debug|Any CPU.ActiveCfg = Debug|Any CPU
		{BC0C342E-F04D-B484-B549-C381CAC09A34}.Debug|Any CPU.Build.0 = Debug|Any CPU
		{BC0C342E-F04D-B484-B549-C381CAC09A34}.Release|Any CPU.ActiveCfg = Release|Any CPU
		{BC0C342E-F04D-B484-B549-C381CAC09A34}.Release|Any CPU.Build.0 = Release|Any CPU
	EndGlobalSection
	GlobalSection(SolutionProperties) = preSolution
		HideSolutionNode = FALSE
	EndGlobalSection
	GlobalSection(ExtensibilityGlobals) = postSolution
		SolutionGuid = {C2A85332-32F9-4060-9FFE-E3154EBEFAF4}
	EndGlobalSection
EndGlobal
