
Microsoft Visual Studio Solution File, Format Version 12.00
# Visual Studio Version 17
VisualStudioVersion = 17.13.35828.75
MinimumVisualStudioVersion = 10.0.40219.1
Project("{FAE04EC0-301F-11D3-BF4B-00C04F79EFBC}") = "UIAutomationTests", "UIAutomationTests\UIAutomationTests.csproj", "{4464B38D-E507-4580-AD1C-402E671A7D4D}"
EndProject
Project("{FAE04EC0-301F-11D3-BF4B-00C04F79EFBC}") = "backend-lab-c23785", "..\backend-lab-c23785\backend-lab-c23785\backend-lab-c23785.csproj", "{789287CD-2383-D333-4322-56A2163D7996}"
EndProject
Global
	GlobalSection(SolutionConfigurationPlatforms) = preSolution
		Debug|Any CPU = Debug|Any CPU
		Release|Any CPU = Release|Any CPU
	EndGlobalSection
	GlobalSection(ProjectConfigurationPlatforms) = postSolution
		{4464B38D-E507-4580-AD1C-402E671A7D4D}.Debug|Any CPU.ActiveCfg = Debug|Any CPU
		{4464B38D-E507-4580-AD1C-402E671A7D4D}.Debug|Any CPU.Build.0 = Debug|Any CPU
		{4464B38D-E507-4580-AD1C-402E671A7D4D}.Release|Any CPU.ActiveCfg = Release|Any CPU
		{4464B38D-E507-4580-AD1C-402E671A7D4D}.Release|Any CPU.Build.0 = Release|Any CPU
		{789287CD-2383-D333-4322-56A2163D7996}.Debug|Any CPU.ActiveCfg = Debug|Any CPU
		{789287CD-2383-D333-4322-56A2163D7996}.Debug|Any CPU.Build.0 = Debug|Any CPU
		{789287CD-2383-D333-4322-56A2163D7996}.Release|Any CPU.ActiveCfg = Release|Any CPU
		{789287CD-2383-D333-4322-56A2163D7996}.Release|Any CPU.Build.0 = Release|Any CPU
	EndGlobalSection
	GlobalSection(SolutionProperties) = preSolution
		HideSolutionNode = FALSE
	EndGlobalSection
	GlobalSection(ExtensibilityGlobals) = postSolution
		SolutionGuid = {41C32CFF-F379-4848-8306-EA4B7634FFF3}
	EndGlobalSection
EndGlobal
